
Microsoft Visual Studio Solution File, Format Version 12.00
# Visual Studio Version 17
VisualStudioVersion = 17.7.34031.279
MinimumVisualStudioVersion = 10.0.40219.1
Project("{9A19103F-16F7-4668-BE54-9A1E7A4F7556}") = "DataAccess", "DataAccess\DataAccess.csproj", "{92459E13-8817-442F-B74F-3B3FC23C9F06}"
EndProject
Project("{9A19103F-16F7-4668-BE54-9A1E7A4F7556}") = "Business", "Business\Business.csproj", "{5F6EF452-DF84-4635-8487-B5D6A4E5BCB1}"
EndProject
Project("{9A19103F-16F7-4668-BE54-9A1E7A4F7556}") = "Entities", "Entities\Entities.csproj", "{BD170836-8A77-47EB-A8E0-7274552133AD}"
EndProject
Project("{9A19103F-16F7-4668-BE54-9A1E7A4F7556}") = "ConsoleUI", "ConsoleUI\ConsoleUI.csproj", "{7343F4C5-CB3A-4060-B374-21354541D579}"
EndProject
Project("{FAE04EC0-301F-11D3-BF4B-00C04F79EFBC}") = "Core", "Core\Core.csproj", "{8B45BAA1-13A1-499D-8818-C7C1FBDF53FE}"
EndProject
Global
	GlobalSection(SolutionConfigurationPlatforms) = preSolution
		Debug|Any CPU = Debug|Any CPU
		Release|Any CPU = Release|Any CPU
	EndGlobalSection
	GlobalSection(ProjectConfigurationPlatforms) = postSolution
		{92459E13-8817-442F-B74F-3B3FC23C9F06}.Debug|Any CPU.ActiveCfg = Debug|Any CPU
		{92459E13-8817-442F-B74F-3B3FC23C9F06}.Debug|Any CPU.Build.0 = Debug|Any CPU
		{92459E13-8817-442F-B74F-3B3FC23C9F06}.Release|Any CPU.ActiveCfg = Release|Any CPU
		{92459E13-8817-442F-B74F-3B3FC23C9F06}.Release|Any CPU.Build.0 = Release|Any CPU
		{5F6EF452-DF84-4635-8487-B5D6A4E5BCB1}.Debug|Any CPU.ActiveCfg = Debug|Any CPU
		{5F6EF452-DF84-4635-8487-B5D6A4E5BCB1}.Debug|Any CPU.Build.0 = Debug|Any CPU
		{5F6EF452-DF84-4635-8487-B5D6A4E5BCB1}.Release|Any CPU.ActiveCfg = Release|Any CPU
		{5F6EF452-DF84-4635-8487-B5D6A4E5BCB1}.Release|Any CPU.Build.0 = Release|Any CPU
		{BD170836-8A77-47EB-A8E0-7274552133AD}.Debug|Any CPU.ActiveCfg = Debug|Any CPU
		{BD170836-8A77-47EB-A8E0-7274552133AD}.Debug|Any CPU.Build.0 = Debug|Any CPU
		{BD170836-8A77-47EB-A8E0-7274552133AD}.Release|Any CPU.ActiveCfg = Release|Any CPU
		{BD170836-8A77-47EB-A8E0-7274552133AD}.Release|Any CPU.Build.0 = Release|Any CPU
		{7343F4C5-CB3A-4060-B374-21354541D579}.Debug|Any CPU.ActiveCfg = Debug|Any CPU
		{7343F4C5-CB3A-4060-B374-21354541D579}.Debug|Any CPU.Build.0 = Debug|Any CPU
		{7343F4C5-CB3A-4060-B374-21354541D579}.Release|Any CPU.ActiveCfg = Release|Any CPU
		{7343F4C5-CB3A-4060-B374-21354541D579}.Release|Any CPU.Build.0 = Release|Any CPU
		{8B45BAA1-13A1-499D-8818-C7C1FBDF53FE}.Debug|Any CPU.ActiveCfg = Debug|Any CPU
		{8B45BAA1-13A1-499D-8818-C7C1FBDF53FE}.Debug|Any CPU.Build.0 = Debug|Any CPU
		{8B45BAA1-13A1-499D-8818-C7C1FBDF53FE}.Release|Any CPU.ActiveCfg = Release|Any CPU
		{8B45BAA1-13A1-499D-8818-C7C1FBDF53FE}.Release|Any CPU.Build.0 = Release|Any CPU
	EndGlobalSection
	GlobalSection(SolutionProperties) = preSolution
		HideSolutionNode = FALSE
	EndGlobalSection
	GlobalSection(ExtensibilityGlobals) = postSolution
		SolutionGuid = {3C0742C4-8A3A-4F2D-909C-55F14503D66F}
	EndGlobalSection
EndGlobal
